// !$*UTF8*$!
{
	archiveVersion = 1;
	classes = {
	};
	objectVersion = 50;
	objects = {

/* Begin PBXBuildFile section */
		048C024B2480BBDD00148B91 /* Euler.framework in Frameworks */ = {isa = PBXBuildFile; fileRef = 04E60B902480B36200306452 /* Euler.framework */; };
		048C024C2480BBDD00148B91 /* Euler.framework in Embed Frameworks */ = {isa = PBXBuildFile; fileRef = 04E60B902480B36200306452 /* Euler.framework */; settings = {ATTRIBUTES = (CodeSignOnCopy, RemoveHeadersOnCopy, ); }; };
		04E60B952480B36200306452 /* Euler.h in Headers */ = {isa = PBXBuildFile; fileRef = 04E60B932480B36200306452 /* Euler.h */; settings = {ATTRIBUTES = (Public, ); }; };
		04E60BAE2480B3A300306452 /* Assets.xcassets in Resources */ = {isa = PBXBuildFile; fileRef = 04E60BAD2480B3A300306452 /* Assets.xcassets */; };
		04E60BB12480B3A300306452 /* LaunchScreen.storyboard in Resources */ = {isa = PBXBuildFile; fileRef = 04E60BAF2480B3A300306452 /* LaunchScreen.storyboard */; };
		04E60BB42480B3A300306452 /* main.m in Sources */ = {isa = PBXBuildFile; fileRef = 04E60BB32480B3A300306452 /* main.m */; };
		04E60BBA2480B3FE00306452 /* ELRAppDelegate.m in Sources */ = {isa = PBXBuildFile; fileRef = 04E60BB92480B3FE00306452 /* ELRAppDelegate.m */; };
		04E60BBD2480B41500306452 /* ELRSceneDelegate.m in Sources */ = {isa = PBXBuildFile; fileRef = 04E60BBB2480B41500306452 /* ELRSceneDelegate.m */; };
		04E60BC32480B57200306452 /* OrientationViewController.swift in Sources */ = {isa = PBXBuildFile; fileRef = 04E60BC22480B57200306452 /* OrientationViewController.swift */; };
		04E60BCA2480B9A300306452 /* ELROrientationTracker.m in Sources */ = {isa = PBXBuildFile; fileRef = 04E60BC82480B61300306452 /* ELROrientationTracker.m */; };
		04E60BCB2480B9A500306452 /* ELROrientationTracker.h in Headers */ = {isa = PBXBuildFile; fileRef = 04E60BC72480B61300306452 /* ELROrientationTracker.h */; settings = {ATTRIBUTES = (Public, ); }; };
/* End PBXBuildFile section */

/* Begin PBXCopyFilesBuildPhase section */
		048C024D2480BBDD00148B91 /* Embed Frameworks */ = {
			isa = PBXCopyFilesBuildPhase;
			buildActionMask = 2147483647;
			dstPath = "";
			dstSubfolderSpec = 10;
			files = (
				048C024C2480BBDD00148B91 /* Euler.framework in Embed Frameworks */,
			);
			name = "Embed Frameworks";
			runOnlyForDeploymentPostprocessing = 0;
		};
/* End PBXCopyFilesBuildPhase section */

/* Begin PBXFileReference section */
		04E60B902480B36200306452 /* Euler.framework */ = {isa = PBXFileReference; explicitFileType = wrapper.framework; includeInIndex = 0; path = Euler.framework; sourceTree = BUILT_PRODUCTS_DIR; };
		04E60B932480B36200306452 /* Euler.h */ = {isa = PBXFileReference; lastKnownFileType = sourcecode.c.h; path = Euler.h; sourceTree = "<group>"; };
		04E60B942480B36200306452 /* Info.plist */ = {isa = PBXFileReference; lastKnownFileType = text.plist.xml; path = Info.plist; sourceTree = "<group>"; };
		04E60B9F2480B3A200306452 /* Euler Demo.app */ = {isa = PBXFileReference; explicitFileType = wrapper.application; includeInIndex = 0; path = "Euler Demo.app"; sourceTree = BUILT_PRODUCTS_DIR; };
		04E60BAD2480B3A300306452 /* Assets.xcassets */ = {isa = PBXFileReference; lastKnownFileType = folder.assetcatalog; path = Assets.xcassets; sourceTree = "<group>"; };
		04E60BB02480B3A300306452 /* Base */ = {isa = PBXFileReference; lastKnownFileType = file.storyboard; name = Base; path = Base.lproj/LaunchScreen.storyboard; sourceTree = "<group>"; };
		04E60BB22480B3A300306452 /* Info.plist */ = {isa = PBXFileReference; lastKnownFileType = text.plist.xml; path = Info.plist; sourceTree = "<group>"; };
		04E60BB32480B3A300306452 /* main.m */ = {isa = PBXFileReference; lastKnownFileType = sourcecode.c.objc; name = main.m; path = ../main.m; sourceTree = "<group>"; };
		04E60BB82480B3FE00306452 /* ELRAppDelegate.h */ = {isa = PBXFileReference; fileEncoding = 4; lastKnownFileType = sourcecode.c.h; name = ELRAppDelegate.h; path = ../ELRAppDelegate.h; sourceTree = "<group>"; };
		04E60BB92480B3FE00306452 /* ELRAppDelegate.m */ = {isa = PBXFileReference; fileEncoding = 4; lastKnownFileType = sourcecode.c.objc; name = ELRAppDelegate.m; path = ../ELRAppDelegate.m; sourceTree = "<group>"; };
		04E60BBB2480B41500306452 /* ELRSceneDelegate.m */ = {isa = PBXFileReference; fileEncoding = 4; lastKnownFileType = sourcecode.c.objc; name = ELRSceneDelegate.m; path = ../ELRSceneDelegate.m; sourceTree = "<group>"; };
		04E60BBC2480B41500306452 /* ELRSceneDelegate.h */ = {isa = PBXFileReference; fileEncoding = 4; lastKnownFileType = sourcecode.c.h; name = ELRSceneDelegate.h; path = ../ELRSceneDelegate.h; sourceTree = "<group>"; };
		04E60BC12480B57200306452 /* Euler Demo-Bridging-Header.h */ = {isa = PBXFileReference; lastKnownFileType = sourcecode.c.h; path = "Euler Demo-Bridging-Header.h"; sourceTree = "<group>"; };
		04E60BC22480B57200306452 /* OrientationViewController.swift */ = {isa = PBXFileReference; lastKnownFileType = sourcecode.swift; path = OrientationViewController.swift; sourceTree = "<group>"; };
		04E60BC72480B61300306452 /* ELROrientationTracker.h */ = {isa = PBXFileReference; lastKnownFileType = sourcecode.c.h; path = ELROrientationTracker.h; sourceTree = "<group>"; };
		04E60BC82480B61300306452 /* ELROrientationTracker.m */ = {isa = PBXFileReference; lastKnownFileType = sourcecode.c.objc; path = ELROrientationTracker.m; sourceTree = "<group>"; };
/* End PBXFileReference section */

/* Begin PBXFrameworksBuildPhase section */
		04E60B8D2480B36200306452 /* Frameworks */ = {
			isa = PBXFrameworksBuildPhase;
			buildActionMask = 2147483647;
			files = (
			);
			runOnlyForDeploymentPostprocessing = 0;
		};
		04E60B9C2480B3A200306452 /* Frameworks */ = {
			isa = PBXFrameworksBuildPhase;
			buildActionMask = 2147483647;
			files = (
				048C024B2480BBDD00148B91 /* Euler.framework in Frameworks */,
			);
			runOnlyForDeploymentPostprocessing = 0;
		};
/* End PBXFrameworksBuildPhase section */

/* Begin PBXGroup section */
		04E60B862480B36200306452 = {
			isa = PBXGroup;
			children = (
				04E60B922480B36200306452 /* Euler */,
				04E60BA02480B3A200306452 /* Euler Demo */,
				04E60B912480B36200306452 /* Products */,
				04E60BC52480B5E000306452 /* Frameworks */,
			);
			sourceTree = "<group>";
		};
		04E60B912480B36200306452 /* Products */ = {
			isa = PBXGroup;
			children = (
				04E60B902480B36200306452 /* Euler.framework */,
				04E60B9F2480B3A200306452 /* Euler Demo.app */,
			);
			name = Products;
			sourceTree = "<group>";
		};
		04E60B922480B36200306452 /* Euler */ = {
			isa = PBXGroup;
			children = (
				04E60B942480B36200306452 /* Info.plist */,
				04E60B932480B36200306452 /* Euler.h */,
				04E60BC72480B61300306452 /* ELROrientationTracker.h */,
				04E60BC82480B61300306452 /* ELROrientationTracker.m */,
			);
			path = Euler;
			sourceTree = "<group>";
		};
		04E60BA02480B3A200306452 /* Euler Demo */ = {
			isa = PBXGroup;
			children = (
				04E60BB22480B3A300306452 /* Info.plist */,
				04E60BC12480B57200306452 /* Euler Demo-Bridging-Header.h */,
				04E60BBE2480B43400306452 /* Main */,
				04E60BC42480B59900306452 /* Orientation */,
				04E60BBF2480B45A00306452 /* Assets */,
			);
			path = "Euler Demo";
			sourceTree = "<group>";
		};
		04E60BBE2480B43400306452 /* Main */ = {
			isa = PBXGroup;
			children = (
				04E60BB32480B3A300306452 /* main.m */,
				04E60BB82480B3FE00306452 /* ELRAppDelegate.h */,
				04E60BB92480B3FE00306452 /* ELRAppDelegate.m */,
				04E60BBC2480B41500306452 /* ELRSceneDelegate.h */,
				04E60BBB2480B41500306452 /* ELRSceneDelegate.m */,
			);
			path = Main;
			sourceTree = "<group>";
		};
		04E60BBF2480B45A00306452 /* Assets */ = {
			isa = PBXGroup;
			children = (
				04E60BAD2480B3A300306452 /* Assets.xcassets */,
				04E60BAF2480B3A300306452 /* LaunchScreen.storyboard */,
			);
			path = Assets;
			sourceTree = "<group>";
		};
		04E60BC42480B59900306452 /* Orientation */ = {
			isa = PBXGroup;
			children = (
				04E60BC22480B57200306452 /* OrientationViewController.swift */,
			);
			path = Orientation;
			sourceTree = "<group>";
		};
		04E60BC52480B5E000306452 /* Frameworks */ = {
			isa = PBXGroup;
			children = (
			);
			name = Frameworks;
			sourceTree = "<group>";
		};
/* End PBXGroup section */

/* Begin PBXHeadersBuildPhase section */
		04E60B8B2480B36200306452 /* Headers */ = {
			isa = PBXHeadersBuildPhase;
			buildActionMask = 2147483647;
			files = (
				04E60BCB2480B9A500306452 /* ELROrientationTracker.h in Headers */,
				04E60B952480B36200306452 /* Euler.h in Headers */,
			);
			runOnlyForDeploymentPostprocessing = 0;
		};
/* End PBXHeadersBuildPhase section */

/* Begin PBXNativeTarget section */
		04E60B8F2480B36200306452 /* Euler */ = {
			isa = PBXNativeTarget;
			buildConfigurationList = 04E60B982480B36200306452 /* Build configuration list for PBXNativeTarget "Euler" */;
			buildPhases = (
				04E60B8B2480B36200306452 /* Headers */,
				04E60B8C2480B36200306452 /* Sources */,
				04E60B8D2480B36200306452 /* Frameworks */,
				04E60B8E2480B36200306452 /* Resources */,
			);
			buildRules = (
			);
			dependencies = (
			);
			name = Euler;
			productName = Euler;
			productReference = 04E60B902480B36200306452 /* Euler.framework */;
			productType = "com.apple.product-type.framework";
		};
		04E60B9E2480B3A200306452 /* Euler Demo */ = {
			isa = PBXNativeTarget;
			buildConfigurationList = 04E60BB52480B3A300306452 /* Build configuration list for PBXNativeTarget "Euler Demo" */;
			buildPhases = (
				04E60B9B2480B3A200306452 /* Sources */,
				04E60B9C2480B3A200306452 /* Frameworks */,
				04E60B9D2480B3A200306452 /* Resources */,
				048C024D2480BBDD00148B91 /* Embed Frameworks */,
			);
			buildRules = (
			);
			dependencies = (
			);
			name = "Euler Demo";
			productName = "Euler Demo";
			productReference = 04E60B9F2480B3A200306452 /* Euler Demo.app */;
			productType = "com.apple.product-type.application";
		};
/* End PBXNativeTarget section */

/* Begin PBXProject section */
		04E60B872480B36200306452 /* Project object */ = {
			isa = PBXProject;
			attributes = {
				LastUpgradeCheck = 1140;
				ORGANIZATIONNAME = "Jack Mousseau";
				TargetAttributes = {
					04E60B8F2480B36200306452 = {
						CreatedOnToolsVersion = 11.4;
					};
					04E60B9E2480B3A200306452 = {
						CreatedOnToolsVersion = 11.4;
						LastSwiftMigration = 1140;
					};
				};
			};
			buildConfigurationList = 04E60B8A2480B36200306452 /* Build configuration list for PBXProject "Euler" */;
			compatibilityVersion = "Xcode 9.3";
			developmentRegion = en;
			hasScannedForEncodings = 0;
			knownRegions = (
				en,
				Base,
			);
			mainGroup = 04E60B862480B36200306452;
			productRefGroup = 04E60B912480B36200306452 /* Products */;
			projectDirPath = "";
			projectRoot = "";
			targets = (
				04E60B8F2480B36200306452 /* Euler */,
				04E60B9E2480B3A200306452 /* Euler Demo */,
			);
		};
/* End PBXProject section */

/* Begin PBXResourcesBuildPhase section */
		04E60B8E2480B36200306452 /* Resources */ = {
			isa = PBXResourcesBuildPhase;
			buildActionMask = 2147483647;
			files = (
			);
			runOnlyForDeploymentPostprocessing = 0;
		};
		04E60B9D2480B3A200306452 /* Resources */ = {
			isa = PBXResourcesBuildPhase;
			buildActionMask = 2147483647;
			files = (
				04E60BB12480B3A300306452 /* LaunchScreen.storyboard in Resources */,
				04E60BAE2480B3A300306452 /* Assets.xcassets in Resources */,
			);
			runOnlyForDeploymentPostprocessing = 0;
		};
/* End PBXResourcesBuildPhase section */

/* Begin PBXSourcesBuildPhase section */
		04E60B8C2480B36200306452 /* Sources */ = {
			isa = PBXSourcesBuildPhase;
			buildActionMask = 2147483647;
			files = (
				04E60BCA2480B9A300306452 /* ELROrientationTracker.m in Sources */,
			);
			runOnlyForDeploymentPostprocessing = 0;
		};
		04E60B9B2480B3A200306452 /* Sources */ = {
			isa = PBXSourcesBuildPhase;
			buildActionMask = 2147483647;
			files = (
				04E60BBD2480B41500306452 /* ELRSceneDelegate.m in Sources */,
				04E60BC32480B57200306452 /* OrientationViewController.swift in Sources */,
				04E60BBA2480B3FE00306452 /* ELRAppDelegate.m in Sources */,
				04E60BB42480B3A300306452 /* main.m in Sources */,
			);
			runOnlyForDeploymentPostprocessing = 0;
		};
/* End PBXSourcesBuildPhase section */

/* Begin PBXVariantGroup section */
		04E60BAF2480B3A300306452 /* LaunchScreen.storyboard */ = {
			isa = PBXVariantGroup;
			children = (
				04E60BB02480B3A300306452 /* Base */,
			);
			name = LaunchScreen.storyboard;
			sourceTree = "<group>";
		};
/* End PBXVariantGroup section */

/* Begin XCBuildConfiguration section */
		04E60B962480B36200306452 /* Debug */ = {
			isa = XCBuildConfiguration;
			buildSettings = {
				ALWAYS_SEARCH_USER_PATHS = NO;
				CLANG_ANALYZER_NONNULL = YES;
				CLANG_ANALYZER_NUMBER_OBJECT_CONVERSION = YES_AGGRESSIVE;
				CLANG_CXX_LANGUAGE_STANDARD = "gnu++14";
				CLANG_CXX_LIBRARY = "libc++";
				CLANG_ENABLE_MODULES = YES;
				CLANG_ENABLE_OBJC_ARC = YES;
				CLANG_ENABLE_OBJC_WEAK = YES;
				CLANG_WARN_BLOCK_CAPTURE_AUTORELEASING = YES;
				CLANG_WARN_BOOL_CONVERSION = YES;
				CLANG_WARN_COMMA = YES;
				CLANG_WARN_CONSTANT_CONVERSION = YES;
				CLANG_WARN_DEPRECATED_OBJC_IMPLEMENTATIONS = YES;
				CLANG_WARN_DIRECT_OBJC_ISA_USAGE = YES_ERROR;
				CLANG_WARN_DOCUMENTATION_COMMENTS = YES;
				CLANG_WARN_EMPTY_BODY = YES;
				CLANG_WARN_ENUM_CONVERSION = YES;
				CLANG_WARN_INFINITE_RECURSION = YES;
				CLANG_WARN_INT_CONVERSION = YES;
				CLANG_WARN_NON_LITERAL_NULL_CONVERSION = YES;
				CLANG_WARN_OBJC_IMPLICIT_RETAIN_SELF = YES;
				CLANG_WARN_OBJC_LITERAL_CONVERSION = YES;
				CLANG_WARN_OBJC_ROOT_CLASS = YES_ERROR;
				CLANG_WARN_RANGE_LOOP_ANALYSIS = YES;
				CLANG_WARN_STRICT_PROTOTYPES = YES;
				CLANG_WARN_SUSPICIOUS_MOVE = YES;
				CLANG_WARN_UNGUARDED_AVAILABILITY = YES_AGGRESSIVE;
				CLANG_WARN_UNREACHABLE_CODE = YES;
				CLANG_WARN__DUPLICATE_METHOD_MATCH = YES;
				COPY_PHASE_STRIP = NO;
				CURRENT_PROJECT_VERSION = 1;
				DEBUG_INFORMATION_FORMAT = dwarf;
				ENABLE_STRICT_OBJC_MSGSEND = YES;
				ENABLE_TESTABILITY = YES;
				GCC_C_LANGUAGE_STANDARD = gnu11;
				GCC_DYNAMIC_NO_PIC = NO;
				GCC_NO_COMMON_BLOCKS = YES;
				GCC_OPTIMIZATION_LEVEL = 0;
				GCC_PREPROCESSOR_DEFINITIONS = (
					"DEBUG=1",
					"$(inherited)",
				);
				GCC_WARN_64_TO_32_BIT_CONVERSION = YES;
				GCC_WARN_ABOUT_RETURN_TYPE = YES_ERROR;
				GCC_WARN_UNDECLARED_SELECTOR = YES;
				GCC_WARN_UNINITIALIZED_AUTOS = YES_AGGRESSIVE;
				GCC_WARN_UNUSED_FUNCTION = YES;
				GCC_WARN_UNUSED_VARIABLE = YES;
				IPHONEOS_DEPLOYMENT_TARGET = 13.4;
				MTL_ENABLE_DEBUG_INFO = INCLUDE_SOURCE;
				MTL_FAST_MATH = YES;
				ONLY_ACTIVE_ARCH = YES;
				SDKROOT = iphoneos;
				VERSIONING_SYSTEM = "apple-generic";
				VERSION_INFO_PREFIX = "";
			};
			name = Debug;
		};
		04E60B972480B36200306452 /* Release */ = {
			isa = XCBuildConfiguration;
			buildSettings = {
				ALWAYS_SEARCH_USER_PATHS = NO;
				CLANG_ANALYZER_NONNULL = YES;
				CLANG_ANALYZER_NUMBER_OBJECT_CONVERSION = YES_AGGRESSIVE;
				CLANG_CXX_LANGUAGE_STANDARD = "gnu++14";
				CLANG_CXX_LIBRARY = "libc++";
				CLANG_ENABLE_MODULES = YES;
				CLANG_ENABLE_OBJC_ARC = YES;
				CLANG_ENABLE_OBJC_WEAK = YES;
				CLANG_WARN_BLOCK_CAPTURE_AUTORELEASING = YES;
				CLANG_WARN_BOOL_CONVERSION = YES;
				CLANG_WARN_COMMA = YES;
				CLANG_WARN_CONSTANT_CONVERSION = YES;
				CLANG_WARN_DEPRECATED_OBJC_IMPLEMENTATIONS = YES;
				CLANG_WARN_DIRECT_OBJC_ISA_USAGE = YES_ERROR;
				CLANG_WARN_DOCUMENTATION_COMMENTS = YES;
				CLANG_WARN_EMPTY_BODY = YES;
				CLANG_WARN_ENUM_CONVERSION = YES;
				CLANG_WARN_INFINITE_RECURSION = YES;
				CLANG_WARN_INT_CONVERSION = YES;
				CLANG_WARN_NON_LITERAL_NULL_CONVERSION = YES;
				CLANG_WARN_OBJC_IMPLICIT_RETAIN_SELF = YES;
				CLANG_WARN_OBJC_LITERAL_CONVERSION = YES;
				CLANG_WARN_OBJC_ROOT_CLASS = YES_ERROR;
				CLANG_WARN_RANGE_LOOP_ANALYSIS = YES;
				CLANG_WARN_STRICT_PROTOTYPES = YES;
				CLANG_WARN_SUSPICIOUS_MOVE = YES;
				CLANG_WARN_UNGUARDED_AVAILABILITY = YES_AGGRESSIVE;
				CLANG_WARN_UNREACHABLE_CODE = YES;
				CLANG_WARN__DUPLICATE_METHOD_MATCH = YES;
				COPY_PHASE_STRIP = NO;
				CURRENT_PROJECT_VERSION = 1;
				DEBUG_INFORMATION_FORMAT = "dwarf-with-dsym";
				ENABLE_NS_ASSERTIONS = NO;
				ENABLE_STRICT_OBJC_MSGSEND = YES;
				GCC_C_LANGUAGE_STANDARD = gnu11;
				GCC_NO_COMMON_BLOCKS = YES;
				GCC_WARN_64_TO_32_BIT_CONVERSION = YES;
				GCC_WARN_ABOUT_RETURN_TYPE = YES_ERROR;
				GCC_WARN_UNDECLARED_SELECTOR = YES;
				GCC_WARN_UNINITIALIZED_AUTOS = YES_AGGRESSIVE;
				GCC_WARN_UNUSED_FUNCTION = YES;
				GCC_WARN_UNUSED_VARIABLE = YES;
				IPHONEOS_DEPLOYMENT_TARGET = 13.4;
				MTL_ENABLE_DEBUG_INFO = NO;
				MTL_FAST_MATH = YES;
				SDKROOT = iphoneos;
				VALIDATE_PRODUCT = YES;
				VERSIONING_SYSTEM = "apple-generic";
				VERSION_INFO_PREFIX = "";
			};
			name = Release;
		};
		04E60B992480B36200306452 /* Debug */ = {
			isa = XCBuildConfiguration;
			buildSettings = {
				CODE_SIGN_STYLE = Automatic;
				DEFINES_MODULE = YES;
				DEVELOPMENT_TEAM = LVFKAL5KFM;
				DYLIB_COMPATIBILITY_VERSION = 1;
				DYLIB_CURRENT_VERSION = 1;
				DYLIB_INSTALL_NAME_BASE = "@rpath";
				INFOPLIST_FILE = Euler/Info.plist;
				INSTALL_PATH = "$(LOCAL_LIBRARY_DIR)/Frameworks";
				LD_RUNPATH_SEARCH_PATHS = (
					"$(inherited)",
					"@executable_path/Frameworks",
					"@loader_path/Frameworks",
				);
				PRODUCT_BUNDLE_IDENTIFIER = com.jmousseau.Euler;
				PRODUCT_NAME = "$(TARGET_NAME:c99extidentifier)";
				SKIP_INSTALL = YES;
				TARGETED_DEVICE_FAMILY = "1,2";
			};
			name = Debug;
		};
		04E60B9A2480B36200306452 /* Release */ = {
			isa = XCBuildConfiguration;
			buildSettings = {
				CODE_SIGN_STYLE = Automatic;
				DEFINES_MODULE = YES;
				DEVELOPMENT_TEAM = LVFKAL5KFM;
				DYLIB_COMPATIBILITY_VERSION = 1;
				DYLIB_CURRENT_VERSION = 1;
				DYLIB_INSTALL_NAME_BASE = "@rpath";
				INFOPLIST_FILE = Euler/Info.plist;
				INSTALL_PATH = "$(LOCAL_LIBRARY_DIR)/Frameworks";
				LD_RUNPATH_SEARCH_PATHS = (
					"$(inherited)",
					"@executable_path/Frameworks",
					"@loader_path/Frameworks",
				);
				PRODUCT_BUNDLE_IDENTIFIER = com.jmousseau.Euler;
				PRODUCT_NAME = "$(TARGET_NAME:c99extidentifier)";
				SKIP_INSTALL = YES;
				TARGETED_DEVICE_FAMILY = "1,2";
			};
			name = Release;
		};
		04E60BB62480B3A300306452 /* Debug */ = {
			isa = XCBuildConfiguration;
			buildSettings = {
				ASSETCATALOG_COMPILER_APPICON_NAME = AppIcon;
				CLANG_ENABLE_MODULES = YES;
				CODE_SIGN_STYLE = Automatic;
				DEVELOPMENT_TEAM = LVFKAL5KFM;
				INFOPLIST_FILE = "Euler Demo/Info.plist";
				LD_RUNPATH_SEARCH_PATHS = (
					"$(inherited)",
					"@executable_path/Frameworks",
				);
				PRODUCT_BUNDLE_IDENTIFIER = "com.jmousseau.Euler-Demo";
				PRODUCT_NAME = "$(TARGET_NAME)";
				SWIFT_OBJC_BRIDGING_HEADER = "Euler Demo/Euler Demo-Bridging-Header.h";
				SWIFT_OPTIMIZATION_LEVEL = "-Onone";
				SWIFT_VERSION = 5.0;
				TARGETED_DEVICE_FAMILY = "1,2";
			};
			name = Debug;
		};
		04E60BB72480B3A300306452 /* Release */ = {
			isa = XCBuildConfiguration;
			buildSettings = {
				ASSETCATALOG_COMPILER_APPICON_NAME = AppIcon;
				CLANG_ENABLE_MODULES = YES;
				CODE_SIGN_STYLE = Automatic;
				DEVELOPMENT_TEAM = LVFKAL5KFM;
				INFOPLIST_FILE = "Euler Demo/Info.plist";
				LD_RUNPATH_SEARCH_PATHS = (
					"$(inherited)",
					"@executable_path/Frameworks",
				);
				PRODUCT_BUNDLE_IDENTIFIER = "com.jmousseau.Euler-Demo";
				PRODUCT_NAME = "$(TARGET_NAME)";
				SWIFT_OBJC_BRIDGING_HEADER = "Euler Demo/Euler Demo-Bridging-Header.h";
				SWIFT_VERSION = 5.0;
				TARGETED_DEVICE_FAMILY = "1,2";
			};
			name = Release;
		};
/* End XCBuildConfiguration section */

/* Begin XCConfigurationList section */
		04E60B8A2480B36200306452 /* Build configuration list for PBXProject "Euler" */ = {
			isa = XCConfigurationList;
			buildConfigurations = (
				04E60B962480B36200306452 /* Debug */,
				04E60B972480B36200306452 /* Release */,
			);
			defaultConfigurationIsVisible = 0;
			defaultConfigurationName = Release;
		};
		04E60B982480B36200306452 /* Build configuration list for PBXNativeTarget "Euler" */ = {
			isa = XCConfigurationList;
			buildConfigurations = (
				04E60B992480B36200306452 /* Debug */,
				04E60B9A2480B36200306452 /* Release */,
			);
			defaultConfigurationIsVisible = 0;
			defaultConfigurationName = Release;
		};
		04E60BB52480B3A300306452 /* Build configuration list for PBXNativeTarget "Euler Demo" */ = {
			isa = XCConfigurationList;
			buildConfigurations = (
				04E60BB62480B3A300306452 /* Debug */,
				04E60BB72480B3A300306452 /* Release */,
			);
			defaultConfigurationIsVisible = 0;
			defaultConfigurationName = Release;
		};
/* End XCConfigurationList section */
	};
	rootObject = 04E60B872480B36200306452 /* Project object */;
}
